{
  "version": 4,
  "terraform_version": "0.12.21",
  "serial": 201,
  "lineage": "35e41a13-3c47-c9fa-12c2-2af2ab2566ee",
  "outputs": {},
  "resources": [
    {
      "mode": "data",
      "type": "vsphere_datacenter",
      "name": "dc",
      "provider": "provider.vsphere",
      "instances": [
        {
          "schema_version": 0,
          "attributes": {
            "id": "datacenter-21",
            "name": "KBT-DC"
          }
        }
      ]
    },
    {
      "module": "module.smbc-linuxvm-advanced2",
      "mode": "data",
      "type": "vsphere_datacenter",
      "name": "dc",
      "provider": "provider.vsphere",
      "instances": [
        {
          "schema_version": 0,
          "attributes": {
            "id": "datacenter-21",
            "name": "KBT-DC"
          }
        }
      ]
    },
    {
      "module": "module.smbc-linuxvm-advanced1",
      "mode": "data",
      "type": "vsphere_datacenter",
      "name": "dc",
      "provider": "provider.vsphere",
      "instances": [
        {
          "schema_version": 0,
          "attributes": {
            "id": "datacenter-21",
            "name": "KBT-DC"
          }
        }
      ]
    },
    {
      "module": "module.smbc-linuxvm-advanced2",
      "mode": "data",
      "type": "vsphere_datastore",
      "name": "data_disk_datastore",
      "each": "map",
      "provider": "provider.vsphere",
      "instances": []
    },
    {
      "module": "module.smbc-linuxvm-advanced1",
      "mode": "data",
      "type": "vsphere_datastore",
      "name": "data_disk_datastore",
      "each": "map",
      "provider": "provider.vsphere",
      "instances": []
    },
    {
      "module": "module.smbc-linuxvm-advanced2",
      "mode": "data",
      "type": "vsphere_datastore",
      "name": "datastore",
      "each": "list",
      "provider": "provider.vsphere",
      "instances": [
        {
          "index_key": 0,
          "schema_version": 0,
          "attributes": {
            "datacenter_id": "datacenter-21",
            "id": "datastore-44",
            "name": "VNX-LUN8"
          }
        }
      ]
    },
    {
      "module": "module.smbc-linuxvm-advanced1",
      "mode": "data",
      "type": "vsphere_datastore",
      "name": "datastore",
      "each": "list",
      "provider": "provider.vsphere",
      "instances": [
        {
          "index_key": 0,
          "schema_version": 0,
          "attributes": {
            "datacenter_id": "datacenter-21",
            "id": "datastore-44",
            "name": "VNX-LUN8"
          }
        }
      ]
    },
    {
      "module": "module.smbc-linuxvm-advanced2",
      "mode": "data",
      "type": "vsphere_datastore",
      "name": "disk_datastore",
      "each": "list",
      "provider": "provider.vsphere",
      "instances": []
    },
    {
      "module": "module.smbc-linuxvm-advanced1",
      "mode": "data",
      "type": "vsphere_datastore",
      "name": "disk_datastore",
      "each": "list",
      "provider": "provider.vsphere",
      "instances": []
    },
    {
      "module": "module.smbc-linuxvm-advanced2",
      "mode": "data",
      "type": "vsphere_datastore_cluster",
      "name": "datastore_cluster",
      "each": "list",
      "provider": "provider.vsphere",
      "instances": []
    },
    {
      "module": "module.smbc-linuxvm-advanced1",
      "mode": "data",
      "type": "vsphere_datastore_cluster",
      "name": "datastore_cluster",
      "each": "list",
      "provider": "provider.vsphere",
      "instances": []
    },
    {
      "module": "module.smbc-linuxvm-advanced2",
      "mode": "data",
      "type": "vsphere_network",
      "name": "network",
      "each": "list",
      "provider": "provider.vsphere",
      "instances": [
        {
          "index_key": 0,
          "schema_version": 0,
          "attributes": {
            "datacenter_id": "datacenter-21",
            "distributed_virtual_switch_uuid": null,
            "id": "dvportgroup-30",
            "name": "KBT-DPG-VL32",
            "type": "DistributedVirtualPortgroup"
          }
        }
      ]
    },
    {
      "module": "module.smbc-linuxvm-advanced1",
      "mode": "data",
      "type": "vsphere_network",
      "name": "network",
      "each": "list",
      "provider": "provider.vsphere",
      "instances": [
        {
          "index_key": 0,
          "schema_version": 0,
          "attributes": {
            "datacenter_id": "datacenter-21",
            "distributed_virtual_switch_uuid": null,
            "id": "dvportgroup-30",
            "name": "KBT-DPG-VL32",
            "type": "DistributedVirtualPortgroup"
          }
        }
      ]
    },
    {
      "module": "module.smbc-linuxvm-advanced2",
      "mode": "data",
      "type": "vsphere_resource_pool",
      "name": "pool",
      "provider": "provider.vsphere",
      "instances": [
        {
          "schema_version": 0,
          "attributes": {
            "datacenter_id": "datacenter-21",
            "id": "resgroup-136",
            "name": "nikit-smbc-poc"
          }
        }
      ]
    },
    {
      "module": "module.smbc-linuxvm-advanced1",
      "mode": "data",
      "type": "vsphere_resource_pool",
      "name": "pool",
      "provider": "provider.vsphere",
      "instances": [
        {
          "schema_version": 0,
          "attributes": {
            "datacenter_id": "datacenter-21",
            "id": "resgroup-136",
            "name": "nikit-smbc-poc"
          }
        }
      ]
    },
    {
      "module": "module.smbc-linuxvm-advanced2",
      "mode": "data",
      "type": "vsphere_tag",
      "name": "tag",
      "each": "list",
      "provider": "provider.vsphere",
      "instances": []
    },
    {
      "module": "module.smbc-linuxvm-advanced1",
      "mode": "data",
      "type": "vsphere_tag",
      "name": "tag",
      "each": "list",
      "provider": "provider.vsphere",
      "instances": []
    },
    {
      "module": "module.smbc-linuxvm-advanced2",
      "mode": "data",
      "type": "vsphere_tag_category",
      "name": "category",
      "each": "list",
      "provider": "provider.vsphere",
      "instances": []
    },
    {
      "module": "module.smbc-linuxvm-advanced1",
      "mode": "data",
      "type": "vsphere_tag_category",
      "name": "category",
      "each": "list",
      "provider": "provider.vsphere",
      "instances": []
    },
    {
      "module": "module.smbc-linuxvm-advanced2",
      "mode": "data",
      "type": "vsphere_virtual_machine",
      "name": "template",
      "provider": "provider.vsphere",
      "instances": [
        {
          "schema_version": 0,
          "attributes": {
            "alternate_guest_name": "",
            "annotation": "",
            "boot_delay": 0,
            "boot_retry_delay": 10000,
            "boot_retry_enabled": false,
            "change_version": "2020-08-10T06:42:17.511523Z",
            "cpu_hot_add_enabled": false,
            "cpu_hot_remove_enabled": false,
            "cpu_limit": -1,
            "cpu_performance_counters_enabled": false,
            "cpu_reservation": 0,
            "cpu_share_count": 1000,
            "cpu_share_level": "normal",
            "datacenter_id": "datacenter-21",
            "disks": [
              {
                "eagerly_scrub": false,
                "label": "Hard disk 1",
                "size": 16,
                "thin_provisioned": true,
                "unit_number": 0
              }
            ],
            "efi_secure_boot_enabled": false,
            "enable_disk_uuid": false,
            "enable_logging": true,
            "ept_rvi_mode": "automatic",
            "extra_config": {},
            "firmware": "bios",
            "guest_id": "rhel7_64Guest",
            "guest_ip_addresses": [],
            "hardware_version": 14,
            "hv_mode": "hvAuto",
            "id": "4234878b-4ec2-98c0-0d06-55e98a230850",
            "ide_controller_scan_count": 2,
            "latency_sensitivity": "normal",
            "memory": 2048,
            "memory_hot_add_enabled": false,
            "memory_limit": -1,
            "memory_reservation": 0,
            "memory_share_count": 20480,
            "memory_share_level": "normal",
            "name": "smbc-linux-template",
            "nested_hv_enabled": false,
            "network_interface_types": [
              "vmxnet3"
            ],
            "num_cores_per_socket": 1,
            "num_cpus": 1,
            "run_tools_scripts_after_power_on": true,
            "run_tools_scripts_after_resume": true,
            "run_tools_scripts_before_guest_reboot": false,
            "run_tools_scripts_before_guest_shutdown": true,
            "run_tools_scripts_before_guest_standby": true,
            "sata_controller_scan_count": 0,
            "scsi_bus_sharing": "noSharing",
            "scsi_controller_scan_count": 1,
            "scsi_type": "pvscsi",
            "storage_policy_id": null,
            "swap_placement_policy": "inherit",
            "sync_time_with_host": false,
            "uuid": "4234878b-4ec2-98c0-0d06-55e98a230850",
            "vapp": null,
            "vapp_transport": []
          }
        }
      ]
    },
    {
      "module": "module.smbc-linuxvm-advanced1",
      "mode": "data",
      "type": "vsphere_virtual_machine",
      "name": "template",
      "provider": "provider.vsphere",
      "instances": [
        {
          "schema_version": 0,
          "attributes": {
            "alternate_guest_name": "",
            "annotation": "",
            "boot_delay": 0,
            "boot_retry_delay": 10000,
            "boot_retry_enabled": false,
            "change_version": "2020-08-10T06:42:17.511523Z",
            "cpu_hot_add_enabled": false,
            "cpu_hot_remove_enabled": false,
            "cpu_limit": -1,
            "cpu_performance_counters_enabled": false,
            "cpu_reservation": 0,
            "cpu_share_count": 1000,
            "cpu_share_level": "normal",
            "datacenter_id": "datacenter-21",
            "disks": [
              {
                "eagerly_scrub": false,
                "label": "Hard disk 1",
                "size": 16,
                "thin_provisioned": true,
                "unit_number": 0
              }
            ],
            "efi_secure_boot_enabled": false,
            "enable_disk_uuid": false,
            "enable_logging": true,
            "ept_rvi_mode": "automatic",
            "extra_config": {},
            "firmware": "bios",
            "guest_id": "rhel7_64Guest",
            "guest_ip_addresses": [],
            "hardware_version": 14,
            "hv_mode": "hvAuto",
            "id": "4234878b-4ec2-98c0-0d06-55e98a230850",
            "ide_controller_scan_count": 2,
            "latency_sensitivity": "normal",
            "memory": 2048,
            "memory_hot_add_enabled": false,
            "memory_limit": -1,
            "memory_reservation": 0,
            "memory_share_count": 20480,
            "memory_share_level": "normal",
            "name": "smbc-linux-template",
            "nested_hv_enabled": false,
            "network_interface_types": [
              "vmxnet3"
            ],
            "num_cores_per_socket": 1,
            "num_cpus": 1,
            "run_tools_scripts_after_power_on": true,
            "run_tools_scripts_after_resume": true,
            "run_tools_scripts_before_guest_reboot": false,
            "run_tools_scripts_before_guest_shutdown": true,
            "run_tools_scripts_before_guest_standby": true,
            "sata_controller_scan_count": 0,
            "scsi_bus_sharing": "noSharing",
            "scsi_controller_scan_count": 1,
            "scsi_type": "pvscsi",
            "storage_policy_id": null,
            "swap_placement_policy": "inherit",
            "sync_time_with_host": false,
            "uuid": "4234878b-4ec2-98c0-0d06-55e98a230850",
            "vapp": null,
            "vapp_transport": []
          }
        }
      ]
    },
    {
      "mode": "managed",
      "type": "null_resource",
      "name": "ansible1",
      "provider": "provider.null",
      "instances": [
        {
          "schema_version": 0,
          "attributes": {
            "id": "6906606843259303467",
            "triggers": null
          },
          "private": "bnVsbA==",
          "dependencies": [
            "module.smbc-linuxvm-advanced1.vsphere_virtual_machine.Linux",
            "module.smbc-linuxvm-advanced1.vsphere_virtual_machine.Windows",
            "null_resource.disk-format1"
          ]
        }
      ]
    },
    {
      "mode": "managed",
      "type": "null_resource",
      "name": "ansible2",
      "provider": "provider.null",
      "instances": [
        {
          "schema_version": 0,
          "attributes": {
            "id": "1578246714225584130",
            "triggers": null
          },
          "private": "bnVsbA==",
          "dependencies": [
            "module.smbc-linuxvm-advanced2.vsphere_virtual_machine.Linux",
            "module.smbc-linuxvm-advanced2.vsphere_virtual_machine.Windows",
            "null_resource.disk-format2"
          ]
        }
      ]
    },
    {
      "mode": "managed",
      "type": "null_resource",
      "name": "disk-format1",
      "provider": "provider.null",
      "instances": [
        {
          "schema_version": 0,
          "attributes": {
            "id": "56740735760866076",
            "triggers": null
          },
          "private": "bnVsbA==",
          "dependencies": [
            "module.smbc-linuxvm-advanced1.vsphere_virtual_machine.Linux",
            "module.smbc-linuxvm-advanced1.vsphere_virtual_machine.Windows"
          ]
        }
      ]
    },
    {
      "mode": "managed",
      "type": "null_resource",
      "name": "disk-format2",
      "provider": "provider.null",
      "instances": [
        {
          "schema_version": 0,
          "attributes": {
            "id": "3562618417608448301",
            "triggers": null
          },
          "private": "bnVsbA==",
          "dependencies": [
            "module.smbc-linuxvm-advanced2.vsphere_virtual_machine.Linux",
            "module.smbc-linuxvm-advanced2.vsphere_virtual_machine.Windows"
          ]
        }
      ]
    },
    {
      "module": "module.smbc-linuxvm-advanced2",
      "mode": "managed",
      "type": "vsphere_virtual_machine",
      "name": "Linux",
      "each": "list",
      "provider": "provider.vsphere",
      "instances": [
        {
          "index_key": 0,
          "schema_version": 3,
          "attributes": {
            "alternate_guest_name": "",
            "annotation": "",
            "boot_delay": 0,
            "boot_retry_delay": 10000,
            "boot_retry_enabled": false,
            "cdrom": [],
            "change_version": "2020-11-07T12:19:52.402092Z",
            "clone": [
              {
                "customize": [
                  {
                    "dns_server_list": [
                      "8.8.8.8"
                    ],
                    "dns_suffix_list": null,
                    "ipv4_gateway": "10.68.32.1",
                    "ipv6_gateway": "",
                    "linux_options": [
                      {
                        "domain": "terraform.smbc",
                        "host_name": "smbc-terraform-test2",
                        "hw_clock_utc": true,
                        "time_zone": ""
                      }
                    ],
                    "network_interface": [
                      {
                        "dns_domain": "",
                        "dns_server_list": null,
                        "ipv4_address": "10.68.32.124",
                        "ipv4_netmask": 24,
                        "ipv6_address": "",
                        "ipv6_netmask": 0
                      }
                    ],
                    "timeout": 10,
                    "windows_options": [],
                    "windows_sysprep_text": ""
                  }
                ],
                "linked_clone": false,
                "ovf_network_map": null,
                "ovf_storage_map": null,
                "template_uuid": "4234878b-4ec2-98c0-0d06-55e98a230850",
                "timeout": 30
              }
            ],
            "cpu_hot_add_enabled": false,
            "cpu_hot_remove_enabled": false,
            "cpu_limit": -1,
            "cpu_performance_counters_enabled": false,
            "cpu_reservation": 0,
            "cpu_share_count": 2000,
            "cpu_share_level": "normal",
            "custom_attributes": null,
            "datacenter_id": null,
            "datastore_cluster_id": null,
            "datastore_id": "datastore-44",
            "default_ip_address": "10.68.32.124",
            "disk": [
              {
                "attach": false,
                "controller_type": "scsi",
                "datastore_id": "datastore-44",
                "device_address": "scsi:0:0",
                "disk_mode": "persistent",
                "disk_sharing": "sharingNone",
                "eagerly_scrub": false,
                "io_limit": -1,
                "io_reservation": 0,
                "io_share_count": 1000,
                "io_share_level": "normal",
                "keep_on_remove": false,
                "key": 2000,
                "label": "disk0",
                "name": "",
                "path": "smbc-terraform-test2/smbc-terraform-test2.vmdk",
                "size": 16,
                "storage_policy_id": "",
                "thin_provisioned": true,
                "unit_number": 0,
                "uuid": "6000C29f-4b1f-8201-e439-39f2d250b782",
                "write_through": false
              },
              {
                "attach": false,
                "controller_type": "scsi",
                "datastore_id": "datastore-44",
                "device_address": "scsi:0:1",
                "disk_mode": "persistent",
                "disk_sharing": "sharingNone",
                "eagerly_scrub": false,
                "io_limit": -1,
                "io_reservation": 0,
                "io_share_count": 1000,
                "io_share_level": "normal",
                "keep_on_remove": false,
                "key": 2001,
                "label": "disk1",
                "name": "",
                "path": "smbc-terraform-test2/smbc-terraform-test2_1.vmdk",
                "size": 10,
                "storage_policy_id": "",
                "thin_provisioned": true,
                "unit_number": 1,
                "uuid": "6000C29b-a53b-f165-350a-ed576da52693",
                "write_through": false
              },
              {
                "attach": false,
                "controller_type": "scsi",
                "datastore_id": "datastore-44",
                "device_address": "scsi:0:2",
                "disk_mode": "persistent",
                "disk_sharing": "sharingNone",
                "eagerly_scrub": false,
                "io_limit": -1,
                "io_reservation": 0,
                "io_share_count": 1000,
                "io_share_level": "normal",
                "keep_on_remove": false,
                "key": 2002,
                "label": "disk2",
                "name": "",
                "path": "smbc-terraform-test2/smbc-terraform-test2_2.vmdk",
                "size": 5,
                "storage_policy_id": "",
                "thin_provisioned": true,
                "unit_number": 2,
                "uuid": "6000C295-175e-9dd6-f52c-6148e9153919",
                "write_through": false
              }
            ],
            "efi_secure_boot_enabled": false,
            "enable_disk_uuid": false,
            "enable_logging": false,
            "ept_rvi_mode": "automatic",
            "extra_config": null,
            "firmware": "bios",
            "folder": "nicksrj",
            "force_power_off": true,
            "guest_id": "rhel7_64Guest",
            "guest_ip_addresses": [
              "10.68.32.124",
              "fe80::250:56ff:fea0:887c"
            ],
            "hardware_version": 14,
            "host_system_id": "host-37",
            "hv_mode": "hvAuto",
            "id": "42200006-7955-0331-4c6c-dca10a97b93c",
            "ide_controller_count": 2,
            "ignored_guest_ips": [],
            "imported": null,
            "latency_sensitivity": "normal",
            "memory": 2096,
            "memory_hot_add_enabled": false,
            "memory_limit": -1,
            "memory_reservation": 0,
            "memory_share_count": 20960,
            "memory_share_level": "normal",
            "migrate_wait_timeout": 30,
            "moid": "vm-445",
            "name": "smbc-terraform-test2",
            "nested_hv_enabled": false,
            "network_interface": [
              {
                "adapter_type": "vmxnet3",
                "bandwidth_limit": -1,
                "bandwidth_reservation": 0,
                "bandwidth_share_count": 50,
                "bandwidth_share_level": "normal",
                "device_address": "pci:0:7",
                "key": 4000,
                "mac_address": "00:50:56:a0:88:7c",
                "network_id": "dvportgroup-30",
                "ovf_mapping": "",
                "use_static_mac": false
              }
            ],
            "num_cores_per_socket": 1,
            "num_cpus": 2,
            "ovf_deploy": [],
            "pci_device_id": null,
            "poweron_timeout": 300,
            "reboot_required": false,
            "resource_pool_id": "resgroup-136",
            "run_tools_scripts_after_power_on": true,
            "run_tools_scripts_after_resume": true,
            "run_tools_scripts_before_guest_reboot": false,
            "run_tools_scripts_before_guest_shutdown": true,
            "run_tools_scripts_before_guest_standby": true,
            "sata_controller_count": 0,
            "scsi_bus_sharing": "noSharing",
            "scsi_controller_count": 1,
            "scsi_type": "pvscsi",
            "shutdown_wait_timeout": 3,
            "storage_policy_id": "",
            "swap_placement_policy": "inherit",
            "sync_time_with_host": false,
            "tags": null,
            "uuid": "42200006-7955-0331-4c6c-dca10a97b93c",
            "vapp": [],
            "vapp_transport": [],
            "vmware_tools_status": "guestToolsRunning",
            "vmx_path": "smbc-terraform-test2/smbc-terraform-test2.vmx",
            "wait_for_guest_ip_timeout": 0,
            "wait_for_guest_net_routable": true,
            "wait_for_guest_net_timeout": 5
          },
          "private": "eyJzY2hlbWFfdmVyc2lvbiI6IjMifQ=="
        }
      ]
    },
    {
      "module": "module.smbc-linuxvm-advanced1",
      "mode": "managed",
      "type": "vsphere_virtual_machine",
      "name": "Linux",
      "each": "list",
      "provider": "provider.vsphere",
      "instances": [
        {
          "index_key": 0,
          "schema_version": 3,
          "attributes": {
            "alternate_guest_name": "",
            "annotation": "",
            "boot_delay": 0,
            "boot_retry_delay": 10000,
            "boot_retry_enabled": false,
            "cdrom": [],
            "change_version": "2020-11-07T12:19:51.11849Z",
            "clone": [
              {
                "customize": [
                  {
                    "dns_server_list": [
                      "8.8.8.8"
                    ],
                    "dns_suffix_list": null,
                    "ipv4_gateway": "10.68.32.1",
                    "ipv6_gateway": "",
                    "linux_options": [
                      {
                        "domain": "terraform.smbc",
                        "host_name": "smbc-terraform-test",
                        "hw_clock_utc": true,
                        "time_zone": ""
                      }
                    ],
                    "network_interface": [
                      {
                        "dns_domain": "",
                        "dns_server_list": null,
                        "ipv4_address": "10.68.32.123",
                        "ipv4_netmask": 24,
                        "ipv6_address": "",
                        "ipv6_netmask": 0
                      }
                    ],
                    "timeout": 10,
                    "windows_options": [],
                    "windows_sysprep_text": ""
                  }
                ],
                "linked_clone": false,
                "ovf_network_map": null,
                "ovf_storage_map": null,
                "template_uuid": "4234878b-4ec2-98c0-0d06-55e98a230850",
                "timeout": 30
              }
            ],
            "cpu_hot_add_enabled": false,
            "cpu_hot_remove_enabled": false,
            "cpu_limit": -1,
            "cpu_performance_counters_enabled": false,
            "cpu_reservation": 0,
            "cpu_share_count": 2000,
            "cpu_share_level": "normal",
            "custom_attributes": null,
            "datacenter_id": null,
            "datastore_cluster_id": null,
            "datastore_id": "datastore-44",
            "default_ip_address": "10.68.32.123",
            "disk": [
              {
                "attach": false,
                "controller_type": "scsi",
                "datastore_id": "datastore-44",
                "device_address": "scsi:0:0",
                "disk_mode": "persistent",
                "disk_sharing": "sharingNone",
                "eagerly_scrub": false,
                "io_limit": -1,
                "io_reservation": 0,
                "io_share_count": 1000,
                "io_share_level": "normal",
                "keep_on_remove": false,
                "key": 2000,
                "label": "disk0",
                "name": "",
                "path": "smbc-terraform-test/smbc-terraform-test.vmdk",
                "size": 16,
                "storage_policy_id": "",
                "thin_provisioned": true,
                "unit_number": 0,
                "uuid": "6000C299-9873-d19c-5a4c-930637e1102f",
                "write_through": false
              },
              {
                "attach": false,
                "controller_type": "scsi",
                "datastore_id": "datastore-44",
                "device_address": "scsi:0:1",
                "disk_mode": "persistent",
                "disk_sharing": "sharingNone",
                "eagerly_scrub": false,
                "io_limit": -1,
                "io_reservation": 0,
                "io_share_count": 1000,
                "io_share_level": "normal",
                "keep_on_remove": false,
                "key": 2001,
                "label": "disk1",
                "name": "",
                "path": "smbc-terraform-test/smbc-terraform-test_1.vmdk",
                "size": 10,
                "storage_policy_id": "",
                "thin_provisioned": true,
                "unit_number": 1,
                "uuid": "6000C29b-c1db-7cd9-dada-58935d959307",
                "write_through": false
              },
              {
                "attach": false,
                "controller_type": "scsi",
                "datastore_id": "datastore-44",
                "device_address": "scsi:0:2",
                "disk_mode": "persistent",
                "disk_sharing": "sharingNone",
                "eagerly_scrub": false,
                "io_limit": -1,
                "io_reservation": 0,
                "io_share_count": 1000,
                "io_share_level": "normal",
                "keep_on_remove": false,
                "key": 2002,
                "label": "disk2",
                "name": "",
                "path": "smbc-terraform-test/smbc-terraform-test_2.vmdk",
                "size": 5,
                "storage_policy_id": "",
                "thin_provisioned": true,
                "unit_number": 2,
                "uuid": "6000C29f-7f21-99b3-6dc4-4d138d5fd1b1",
                "write_through": false
              }
            ],
            "efi_secure_boot_enabled": false,
            "enable_disk_uuid": false,
            "enable_logging": false,
            "ept_rvi_mode": "automatic",
            "extra_config": null,
            "firmware": "bios",
            "folder": "nicksrj",
            "force_power_off": true,
            "guest_id": "rhel7_64Guest",
            "guest_ip_addresses": [
              "10.68.32.123",
              "fe80::250:56ff:fea0:5b57"
            ],
            "hardware_version": 14,
            "host_system_id": "host-99",
            "hv_mode": "hvAuto",
            "id": "42206bd9-26cb-1ef5-f67c-2241da6fff96",
            "ide_controller_count": 2,
            "ignored_guest_ips": [],
            "imported": null,
            "latency_sensitivity": "normal",
            "memory": 2096,
            "memory_hot_add_enabled": false,
            "memory_limit": -1,
            "memory_reservation": 0,
            "memory_share_count": 20960,
            "memory_share_level": "normal",
            "migrate_wait_timeout": 30,
            "moid": "vm-444",
            "name": "smbc-terraform-test",
            "nested_hv_enabled": false,
            "network_interface": [
              {
                "adapter_type": "vmxnet3",
                "bandwidth_limit": -1,
                "bandwidth_reservation": 0,
                "bandwidth_share_count": 50,
                "bandwidth_share_level": "normal",
                "device_address": "pci:0:7",
                "key": 4000,
                "mac_address": "00:50:56:a0:5b:57",
                "network_id": "dvportgroup-30",
                "ovf_mapping": "",
                "use_static_mac": false
              }
            ],
            "num_cores_per_socket": 1,
            "num_cpus": 2,
            "ovf_deploy": [],
            "pci_device_id": null,
            "poweron_timeout": 300,
            "reboot_required": false,
            "resource_pool_id": "resgroup-136",
            "run_tools_scripts_after_power_on": true,
            "run_tools_scripts_after_resume": true,
            "run_tools_scripts_before_guest_reboot": false,
            "run_tools_scripts_before_guest_shutdown": true,
            "run_tools_scripts_before_guest_standby": true,
            "sata_controller_count": 0,
            "scsi_bus_sharing": "noSharing",
            "scsi_controller_count": 1,
            "scsi_type": "pvscsi",
            "shutdown_wait_timeout": 3,
            "storage_policy_id": "",
            "swap_placement_policy": "inherit",
            "sync_time_with_host": false,
            "tags": null,
            "uuid": "42206bd9-26cb-1ef5-f67c-2241da6fff96",
            "vapp": [],
            "vapp_transport": [],
            "vmware_tools_status": "guestToolsRunning",
            "vmx_path": "smbc-terraform-test/smbc-terraform-test.vmx",
            "wait_for_guest_ip_timeout": 0,
            "wait_for_guest_net_routable": true,
            "wait_for_guest_net_timeout": 5
          },
          "private": "eyJzY2hlbWFfdmVyc2lvbiI6IjMifQ=="
        }
      ]
    },
    {
      "module": "module.smbc-linuxvm-advanced2",
      "mode": "managed",
      "type": "vsphere_virtual_machine",
      "name": "Windows",
      "each": "list",
      "provider": "provider.vsphere",
      "instances": []
    },
    {
      "module": "module.smbc-linuxvm-advanced1",
      "mode": "managed",
      "type": "vsphere_virtual_machine",
      "name": "Windows",
      "each": "list",
      "provider": "provider.vsphere",
      "instances": []
    }
  ]
}
